// !$*UTF8*$!
{
	archiveVersion = 1;
	classes = {
	};
	objectVersion = 55;
	objects = {

/* Begin PBXBuildFile section */
		816B0D9F2763377600C2D139 /* LandmarkApp.swift in Sources */ = {isa = PBXBuildFile; fileRef = 816B0D9E2763377600C2D139 /* LandmarkApp.swift */; };
		816B0DA12763377600C2D139 /* LandmarkDetail.swift in Sources */ = {isa = PBXBuildFile; fileRef = 816B0DA02763377600C2D139 /* LandmarkDetail.swift */; };
		816B0DA32763377800C2D139 /* Assets.xcassets in Resources */ = {isa = PBXBuildFile; fileRef = 816B0DA22763377800C2D139 /* Assets.xcassets */; };
		816B0DA62763377800C2D139 /* Preview Assets.xcassets in Resources */ = {isa = PBXBuildFile; fileRef = 816B0DA52763377800C2D139 /* Preview Assets.xcassets */; };
		816B0DBB2763395600C2D139 /* charleyrivers.jpg in Resources */ = {isa = PBXBuildFile; fileRef = 816B0DAD2763395600C2D139 /* charleyrivers.jpg */; };
		816B0DBC2763395600C2D139 /* turtlerock.jpg in Resources */ = {isa = PBXBuildFile; fileRef = 816B0DAE2763395600C2D139 /* turtlerock.jpg */; };
		816B0DBD2763395600C2D139 /* silversalmoncreek.jpg in Resources */ = {isa = PBXBuildFile; fileRef = 816B0DAF2763395600C2D139 /* silversalmoncreek.jpg */; };
		816B0DBE2763395600C2D139 /* hikeData.json in Resources */ = {isa = PBXBuildFile; fileRef = 816B0DB02763395600C2D139 /* hikeData.json */; };
		816B0DBF2763395600C2D139 /* icybay.jpg in Resources */ = {isa = PBXBuildFile; fileRef = 816B0DB12763395600C2D139 /* icybay.jpg */; };
		816B0DC02763395600C2D139 /* lakemcdonald.jpg in Resources */ = {isa = PBXBuildFile; fileRef = 816B0DB22763395600C2D139 /* lakemcdonald.jpg */; };
		816B0DC12763395600C2D139 /* hiddenlake.jpg in Resources */ = {isa = PBXBuildFile; fileRef = 816B0DB32763395600C2D139 /* hiddenlake.jpg */; };
		816B0DC22763395600C2D139 /* twinlake.jpg in Resources */ = {isa = PBXBuildFile; fileRef = 816B0DB42763395600C2D139 /* twinlake.jpg */; };
		816B0DC32763395600C2D139 /* umbagog.jpg in Resources */ = {isa = PBXBuildFile; fileRef = 816B0DB52763395600C2D139 /* umbagog.jpg */; };
		816B0DC42763395600C2D139 /* landmarkData.json in Resources */ = {isa = PBXBuildFile; fileRef = 816B0DB62763395600C2D139 /* landmarkData.json */; };
		816B0DC52763395600C2D139 /* chincoteague.jpg in Resources */ = {isa = PBXBuildFile; fileRef = 816B0DB72763395600C2D139 /* chincoteague.jpg */; };
		816B0DC62763395600C2D139 /* stmarylake.jpg in Resources */ = {isa = PBXBuildFile; fileRef = 816B0DB82763395600C2D139 /* stmarylake.jpg */; };
		816B0DC72763395600C2D139 /* chilkoottrail.jpg in Resources */ = {isa = PBXBuildFile; fileRef = 816B0DB92763395600C2D139 /* chilkoottrail.jpg */; };
		816B0DC82763395600C2D139 /* rainbowlake.jpg in Resources */ = {isa = PBXBuildFile; fileRef = 816B0DBA2763395600C2D139 /* rainbowlake.jpg */; };
		816B0DCA2763399300C2D139 /* CircleImage.swift in Sources */ = {isa = PBXBuildFile; fileRef = 816B0DC92763399300C2D139 /* CircleImage.swift */; };
		816B0DCC27633AC600C2D139 /* MapView.swift in Sources */ = {isa = PBXBuildFile; fileRef = 816B0DCB27633AC600C2D139 /* MapView.swift */; };
		816B0DCF27633CE700C2D139 /* Landmark.swift in Sources */ = {isa = PBXBuildFile; fileRef = 816B0DCE27633CE700C2D139 /* Landmark.swift */; };
		816B0DD127633EE200C2D139 /* Data.swift in Sources */ = {isa = PBXBuildFile; fileRef = 816B0DD027633EE200C2D139 /* Data.swift */; };
		816B0DD32763403700C2D139 /* LandmarkRow.swift in Sources */ = {isa = PBXBuildFile; fileRef = 816B0DD22763403700C2D139 /* LandmarkRow.swift */; };
		816B0DD52763423C00C2D139 /* LandmarkList.swift in Sources */ = {isa = PBXBuildFile; fileRef = 816B0DD42763423C00C2D139 /* LandmarkList.swift */; };
		816B0DD72763463A00C2D139 /* SceneDelegate.swift in Sources */ = {isa = PBXBuildFile; fileRef = 816B0DD62763463A00C2D139 /* SceneDelegate.swift */; };
		816B0DD927648F6500C2D139 /* UserData.swift in Sources */ = {isa = PBXBuildFile; fileRef = 816B0DD827648F6500C2D139 /* UserData.swift */; };
		816B0DDB2768577800C2D139 /* BadgeBackground.swift in Sources */ = {isa = PBXBuildFile; fileRef = 816B0DDA2768577800C2D139 /* BadgeBackground.swift */; };
		816B0DDD27685C0000C2D139 /* HexagonParameters.swift in Sources */ = {isa = PBXBuildFile; fileRef = 816B0DDC27685C0000C2D139 /* HexagonParameters.swift */; };
		816B0DDF276863CB00C2D139 /* BadgeSymbol.swift in Sources */ = {isa = PBXBuildFile; fileRef = 816B0DDE276863CB00C2D139 /* BadgeSymbol.swift */; };
		816B0DE12768645F00C2D139 /* RotatedBadgeSymbol.swift in Sources */ = {isa = PBXBuildFile; fileRef = 816B0DE02768645F00C2D139 /* RotatedBadgeSymbol.swift */; };
		816B0DE3276864A700C2D139 /* Badge.swift in Sources */ = {isa = PBXBuildFile; fileRef = 816B0DE2276864A700C2D139 /* Badge.swift */; };
		816B0DE5276869DB00C2D139 /* Hike.swift in Sources */ = {isa = PBXBuildFile; fileRef = 816B0DE4276869DB00C2D139 /* Hike.swift */; };
		816B0DE727686BD900C2D139 /* GraphCapsule.swift in Sources */ = {isa = PBXBuildFile; fileRef = 816B0DE627686BD900C2D139 /* GraphCapsule.swift */; };
		816B0DE927686BF700C2D139 /* HikeGraph.swift in Sources */ = {isa = PBXBuildFile; fileRef = 816B0DE827686BF700C2D139 /* HikeGraph.swift */; };
		816B0DEB27686D3600C2D139 /* HikeDetail.swift in Sources */ = {isa = PBXBuildFile; fileRef = 816B0DEA27686D3600C2D139 /* HikeDetail.swift */; };
		816B0DED27686D8800C2D139 /* HikeView.swift in Sources */ = {isa = PBXBuildFile; fileRef = 816B0DEC27686D8800C2D139 /* HikeView.swift */; };
/* End PBXBuildFile section */

/* Begin PBXFileReference section */
		816B0D9B2763377600C2D139 /* Landmark.app */ = {isa = PBXFileReference; explicitFileType = wrapper.application; includeInIndex = 0; path = Landmark.app; sourceTree = BUILT_PRODUCTS_DIR; };
		816B0D9E2763377600C2D139 /* LandmarkApp.swift */ = {isa = PBXFileReference; lastKnownFileType = sourcecode.swift; path = LandmarkApp.swift; sourceTree = "<group>"; };
		816B0DA02763377600C2D139 /* LandmarkDetail.swift */ = {isa = PBXFileReference; lastKnownFileType = sourcecode.swift; path = LandmarkDetail.swift; sourceTree = "<group>"; };
		816B0DA22763377800C2D139 /* Assets.xcassets */ = {isa = PBXFileReference; lastKnownFileType = folder.assetcatalog; path = Assets.xcassets; sourceTree = "<group>"; };
		816B0DA52763377800C2D139 /* Preview Assets.xcassets */ = {isa = PBXFileReference; lastKnownFileType = folder.assetcatalog; path = "Preview Assets.xcassets"; sourceTree = "<group>"; };
		816B0DAD2763395600C2D139 /* charleyrivers.jpg */ = {isa = PBXFileReference; lastKnownFileType = image.jpeg; path = charleyrivers.jpg; sourceTree = "<group>"; };
		816B0DAE2763395600C2D139 /* turtlerock.jpg */ = {isa = PBXFileReference; lastKnownFileType = image.jpeg; path = turtlerock.jpg; sourceTree = "<group>"; };
		816B0DAF2763395600C2D139 /* silversalmoncreek.jpg */ = {isa = PBXFileReference; lastKnownFileType = image.jpeg; path = silversalmoncreek.jpg; sourceTree = "<group>"; };
		816B0DB02763395600C2D139 /* hikeData.json */ = {isa = PBXFileReference; fileEncoding = 4; lastKnownFileType = text.json; path = hikeData.json; sourceTree = "<group>"; };
		816B0DB12763395600C2D139 /* icybay.jpg */ = {isa = PBXFileReference; lastKnownFileType = image.jpeg; path = icybay.jpg; sourceTree = "<group>"; };
		816B0DB22763395600C2D139 /* lakemcdonald.jpg */ = {isa = PBXFileReference; lastKnownFileType = image.jpeg; path = lakemcdonald.jpg; sourceTree = "<group>"; };
		816B0DB32763395600C2D139 /* hiddenlake.jpg */ = {isa = PBXFileReference; lastKnownFileType = image.jpeg; path = hiddenlake.jpg; sourceTree = "<group>"; };
		816B0DB42763395600C2D139 /* twinlake.jpg */ = {isa = PBXFileReference; lastKnownFileType = image.jpeg; path = twinlake.jpg; sourceTree = "<group>"; };
		816B0DB52763395600C2D139 /* umbagog.jpg */ = {isa = PBXFileReference; lastKnownFileType = image.jpeg; path = umbagog.jpg; sourceTree = "<group>"; };
		816B0DB62763395600C2D139 /* landmarkData.json */ = {isa = PBXFileReference; fileEncoding = 4; lastKnownFileType = text.json; path = landmarkData.json; sourceTree = "<group>"; };
		816B0DB72763395600C2D139 /* chincoteague.jpg */ = {isa = PBXFileReference; lastKnownFileType = image.jpeg; path = chincoteague.jpg; sourceTree = "<group>"; };
		816B0DB82763395600C2D139 /* stmarylake.jpg */ = {isa = PBXFileReference; lastKnownFileType = image.jpeg; path = stmarylake.jpg; sourceTree = "<group>"; };
		816B0DB92763395600C2D139 /* chilkoottrail.jpg */ = {isa = PBXFileReference; lastKnownFileType = image.jpeg; path = chilkoottrail.jpg; sourceTree = "<group>"; };
		816B0DBA2763395600C2D139 /* rainbowlake.jpg */ = {isa = PBXFileReference; lastKnownFileType = image.jpeg; path = rainbowlake.jpg; sourceTree = "<group>"; };
		816B0DC92763399300C2D139 /* CircleImage.swift */ = {isa = PBXFileReference; lastKnownFileType = sourcecode.swift; path = CircleImage.swift; sourceTree = "<group>"; };
		816B0DCB27633AC600C2D139 /* MapView.swift */ = {isa = PBXFileReference; lastKnownFileType = sourcecode.swift; path = MapView.swift; sourceTree = "<group>"; };
		816B0DCE27633CE700C2D139 /* Landmark.swift */ = {isa = PBXFileReference; lastKnownFileType = sourcecode.swift; path = Landmark.swift; sourceTree = "<group>"; };
		816B0DD027633EE200C2D139 /* Data.swift */ = {isa = PBXFileReference; lastKnownFileType = sourcecode.swift; path = Data.swift; sourceTree = "<group>"; };
		816B0DD22763403700C2D139 /* LandmarkRow.swift */ = {isa = PBXFileReference; lastKnownFileType = sourcecode.swift; path = LandmarkRow.swift; sourceTree = "<group>"; };
		816B0DD42763423C00C2D139 /* LandmarkList.swift */ = {isa = PBXFileReference; lastKnownFileType = sourcecode.swift; path = LandmarkList.swift; sourceTree = "<group>"; };
		816B0DD62763463A00C2D139 /* SceneDelegate.swift */ = {isa = PBXFileReference; lastKnownFileType = sourcecode.swift; path = SceneDelegate.swift; sourceTree = "<group>"; };
		816B0DD827648F6500C2D139 /* UserData.swift */ = {isa = PBXFileReference; lastKnownFileType = sourcecode.swift; path = UserData.swift; sourceTree = "<group>"; };
		816B0DDA2768577800C2D139 /* BadgeBackground.swift */ = {isa = PBXFileReference; lastKnownFileType = sourcecode.swift; path = BadgeBackground.swift; sourceTree = "<group>"; };
		816B0DDC27685C0000C2D139 /* HexagonParameters.swift */ = {isa = PBXFileReference; lastKnownFileType = sourcecode.swift; path = HexagonParameters.swift; sourceTree = "<group>"; };
		816B0DDE276863CB00C2D139 /* BadgeSymbol.swift */ = {isa = PBXFileReference; lastKnownFileType = sourcecode.swift; path = BadgeSymbol.swift; sourceTree = "<group>"; };
		816B0DE02768645F00C2D139 /* RotatedBadgeSymbol.swift */ = {isa = PBXFileReference; lastKnownFileType = sourcecode.swift; path = RotatedBadgeSymbol.swift; sourceTree = "<group>"; };
		816B0DE2276864A700C2D139 /* Badge.swift */ = {isa = PBXFileReference; lastKnownFileType = sourcecode.swift; path = Badge.swift; sourceTree = "<group>"; };
		816B0DE4276869DB00C2D139 /* Hike.swift */ = {isa = PBXFileReference; lastKnownFileType = sourcecode.swift; path = Hike.swift; sourceTree = "<group>"; };
		816B0DE627686BD900C2D139 /* GraphCapsule.swift */ = {isa = PBXFileReference; lastKnownFileType = sourcecode.swift; path = GraphCapsule.swift; sourceTree = "<group>"; };
		816B0DE827686BF700C2D139 /* HikeGraph.swift */ = {isa = PBXFileReference; lastKnownFileType = sourcecode.swift; path = HikeGraph.swift; sourceTree = "<group>"; };
		816B0DEA27686D3600C2D139 /* HikeDetail.swift */ = {isa = PBXFileReference; lastKnownFileType = sourcecode.swift; path = HikeDetail.swift; sourceTree = "<group>"; };
		816B0DEC27686D8800C2D139 /* HikeView.swift */ = {isa = PBXFileReference; lastKnownFileType = sourcecode.swift; path = HikeView.swift; sourceTree = "<group>"; };
/* End PBXFileReference section */

/* Begin PBXFrameworksBuildPhase section */
		816B0D982763377600C2D139 /* Frameworks */ = {
			isa = PBXFrameworksBuildPhase;
			buildActionMask = 2147483647;
			files = (
			);
			runOnlyForDeploymentPostprocessing = 0;
		};
/* End PBXFrameworksBuildPhase section */

/* Begin PBXGroup section */
		816B0D922763377600C2D139 = {
			isa = PBXGroup;
			children = (
				816B0D9D2763377600C2D139 /* Landmark */,
				816B0D9C2763377600C2D139 /* Products */,
			);
			sourceTree = "<group>";
		};
		816B0D9C2763377600C2D139 /* Products */ = {
			isa = PBXGroup;
			children = (
				816B0D9B2763377600C2D139 /* Landmark.app */,
			);
			name = Products;
			sourceTree = "<group>";
		};
		816B0D9D2763377600C2D139 /* Landmark */ = {
			isa = PBXGroup;
			children = (
				816B0DE627686BD900C2D139 /* GraphCapsule.swift */,
				816B0DE827686BF700C2D139 /* HikeGraph.swift */,
				816B0DDC27685C0000C2D139 /* HexagonParameters.swift */,
				816B0D9E2763377600C2D139 /* LandmarkApp.swift */,
				816B0DCD27633CCC00C2D139 /* Models */,
				816B0DA02763377600C2D139 /* LandmarkDetail.swift */,
				816B0DAC2763395600C2D139 /* Resources */,
				816B0DA22763377800C2D139 /* Assets.xcassets */,
				816B0DC92763399300C2D139 /* CircleImage.swift */,
				816B0DCB27633AC600C2D139 /* MapView.swift */,
				816B0DA42763377800C2D139 /* Preview Content */,
				816B0DD22763403700C2D139 /* LandmarkRow.swift */,
				816B0DD42763423C00C2D139 /* LandmarkList.swift */,
				816B0DD62763463A00C2D139 /* SceneDelegate.swift */,
				816B0DDA2768577800C2D139 /* BadgeBackground.swift */,
				816B0DDE276863CB00C2D139 /* BadgeSymbol.swift */,
				816B0DE2276864A700C2D139 /* Badge.swift */,
				816B0DE02768645F00C2D139 /* RotatedBadgeSymbol.swift */,
				816B0DEA27686D3600C2D139 /* HikeDetail.swift */,
				816B0DEC27686D8800C2D139 /* HikeView.swift */,
			);
			path = Landmark;
			sourceTree = "<group>";
		};
		816B0DA42763377800C2D139 /* Preview Content */ = {
			isa = PBXGroup;
			children = (
				816B0DA52763377800C2D139 /* Preview Assets.xcassets */,
			);
			path = "Preview Content";
			sourceTree = "<group>";
		};
		816B0DAC2763395600C2D139 /* Resources */ = {
			isa = PBXGroup;
			children = (
				816B0DAD2763395600C2D139 /* charleyrivers.jpg */,
				816B0DAE2763395600C2D139 /* turtlerock.jpg */,
				816B0DAF2763395600C2D139 /* silversalmoncreek.jpg */,
				816B0DB02763395600C2D139 /* hikeData.json */,
				816B0DB12763395600C2D139 /* icybay.jpg */,
				816B0DB22763395600C2D139 /* lakemcdonald.jpg */,
				816B0DB32763395600C2D139 /* hiddenlake.jpg */,
				816B0DB42763395600C2D139 /* twinlake.jpg */,
				816B0DB52763395600C2D139 /* umbagog.jpg */,
				816B0DB62763395600C2D139 /* landmarkData.json */,
				816B0DB72763395600C2D139 /* chincoteague.jpg */,
				816B0DB82763395600C2D139 /* stmarylake.jpg */,
				816B0DB92763395600C2D139 /* chilkoottrail.jpg */,
				816B0DBA2763395600C2D139 /* rainbowlake.jpg */,
			);
			name = Resources;
			path = ../../../Downloads/Resources;
			sourceTree = "<group>";
		};
		816B0DCD27633CCC00C2D139 /* Models */ = {
			isa = PBXGroup;
			children = (
				816B0DCE27633CE700C2D139 /* Landmark.swift */,
				816B0DD027633EE200C2D139 /* Data.swift */,
				816B0DD827648F6500C2D139 /* UserData.swift */,
				816B0DE4276869DB00C2D139 /* Hike.swift */,
			);
			path = Models;
			sourceTree = "<group>";
		};
/* End PBXGroup section */

/* Begin PBXNativeTarget section */
		816B0D9A2763377600C2D139 /* Landmark */ = {
			isa = PBXNativeTarget;
			buildConfigurationList = 816B0DA92763377900C2D139 /* Build configuration list for PBXNativeTarget "Landmark" */;
			buildPhases = (
				816B0D972763377600C2D139 /* Sources */,
				816B0D982763377600C2D139 /* Frameworks */,
				816B0D992763377600C2D139 /* Resources */,
			);
			buildRules = (
			);
			dependencies = (
			);
			name = Landmark;
			productName = Landmark;
			productReference = 816B0D9B2763377600C2D139 /* Landmark.app */;
			productType = "com.apple.product-type.application";
		};
/* End PBXNativeTarget section */

/* Begin PBXProject section */
		816B0D932763377600C2D139 /* Project object */ = {
			isa = PBXProject;
			attributes = {
				BuildIndependentTargetsInParallel = 1;
				LastSwiftUpdateCheck = 1310;
				LastUpgradeCheck = 1310;
				TargetAttributes = {
					816B0D9A2763377600C2D139 = {
						CreatedOnToolsVersion = 13.1;
					};
				};
			};
			buildConfigurationList = 816B0D962763377600C2D139 /* Build configuration list for PBXProject "Landmark" */;
			compatibilityVersion = "Xcode 13.0";
			developmentRegion = en;
			hasScannedForEncodings = 0;
			knownRegions = (
				en,
				Base,
			);
			mainGroup = 816B0D922763377600C2D139;
			productRefGroup = 816B0D9C2763377600C2D139 /* Products */;
			projectDirPath = "";
			projectRoot = "";
			targets = (
				816B0D9A2763377600C2D139 /* Landmark */,
			);
		};
/* End PBXProject section */

/* Begin PBXResourcesBuildPhase section */
		816B0D992763377600C2D139 /* Resources */ = {
			isa = PBXResourcesBuildPhase;
			buildActionMask = 2147483647;
			files = (
				816B0DBD2763395600C2D139 /* silversalmoncreek.jpg in Resources */,
				816B0DBC2763395600C2D139 /* turtlerock.jpg in Resources */,
				816B0DBB2763395600C2D139 /* charleyrivers.jpg in Resources */,
				816B0DA62763377800C2D139 /* Preview Assets.xcassets in Resources */,
				816B0DBE2763395600C2D139 /* hikeData.json in Resources */,
				816B0DC52763395600C2D139 /* chincoteague.jpg in Resources */,
				816B0DC62763395600C2D139 /* stmarylake.jpg in Resources */,
				816B0DC42763395600C2D139 /* landmarkData.json in Resources */,
				816B0DBF2763395600C2D139 /* icybay.jpg in Resources */,
				816B0DC22763395600C2D139 /* twinlake.jpg in Resources */,
				816B0DC02763395600C2D139 /* lakemcdonald.jpg in Resources */,
				816B0DC12763395600C2D139 /* hiddenlake.jpg in Resources */,
				816B0DC32763395600C2D139 /* umbagog.jpg in Resources */,
				816B0DC82763395600C2D139 /* rainbowlake.jpg in Resources */,
				816B0DC72763395600C2D139 /* chilkoottrail.jpg in Resources */,
				816B0DA32763377800C2D139 /* Assets.xcassets in Resources */,
			);
			runOnlyForDeploymentPostprocessing = 0;
		};
/* End PBXResourcesBuildPhase section */

/* Begin PBXSourcesBuildPhase section */
		816B0D972763377600C2D139 /* Sources */ = {
			isa = PBXSourcesBuildPhase;
			buildActionMask = 2147483647;
			files = (
				816B0DDD27685C0000C2D139 /* HexagonParameters.swift in Sources */,
				816B0DE927686BF700C2D139 /* HikeGraph.swift in Sources */,
				816B0DE3276864A700C2D139 /* Badge.swift in Sources */,
				816B0DA12763377600C2D139 /* LandmarkDetail.swift in Sources */,
				816B0DE727686BD900C2D139 /* GraphCapsule.swift in Sources */,
				816B0DD127633EE200C2D139 /* Data.swift in Sources */,
				816B0DDB2768577800C2D139 /* BadgeBackground.swift in Sources */,
				816B0DEB27686D3600C2D139 /* HikeDetail.swift in Sources */,
				816B0DD72763463A00C2D139 /* SceneDelegate.swift in Sources */,
				816B0DE5276869DB00C2D139 /* Hike.swift in Sources */,
				816B0DE12768645F00C2D139 /* RotatedBadgeSymbol.swift in Sources */,
				816B0DDF276863CB00C2D139 /* BadgeSymbol.swift in Sources */,
				816B0DCC27633AC600C2D139 /* MapView.swift in Sources */,
				816B0DED27686D8800C2D139 /* HikeView.swift in Sources */,
				816B0DD52763423C00C2D139 /* LandmarkList.swift in Sources */,
				816B0D9F2763377600C2D139 /* LandmarkApp.swift in Sources */,
				816B0DCA2763399300C2D139 /* CircleImage.swift in Sources */,
				816B0DD32763403700C2D139 /* LandmarkRow.swift in Sources */,
				816B0DD927648F6500C2D139 /* UserData.swift in Sources */,
				816B0DCF27633CE700C2D139 /* Landmark.swift in Sources */,
			);
			runOnlyForDeploymentPostprocessing = 0;
		};
/* End PBXSourcesBuildPhase section */

/* Begin XCBuildConfiguration section */
		816B0DA72763377900C2D139 /* Debug */ = {
			isa = XCBuildConfiguration;
			buildSettings = {
				ALWAYS_SEARCH_USER_PATHS = NO;
				CLANG_ANALYZER_NONNULL = YES;
				CLANG_ANALYZER_NUMBER_OBJECT_CONVERSION = YES_AGGRESSIVE;
				CLANG_CXX_LANGUAGE_STANDARD = "gnu++17";
				CLANG_CXX_LIBRARY = "libc++";
				CLANG_ENABLE_MODULES = YES;
				CLANG_ENABLE_OBJC_ARC = YES;
				CLANG_ENABLE_OBJC_WEAK = YES;
				CLANG_WARN_BLOCK_CAPTURE_AUTORELEASING = YES;
				CLANG_WARN_BOOL_CONVERSION = YES;
				CLANG_WARN_COMMA = YES;
				CLANG_WARN_CONSTANT_CONVERSION = YES;
				CLANG_WARN_DEPRECATED_OBJC_IMPLEMENTATIONS = YES;
				CLANG_WARN_DIRECT_OBJC_ISA_USAGE = YES_ERROR;
				CLANG_WARN_DOCUMENTATION_COMMENTS = YES;
				CLANG_WARN_EMPTY_BODY = YES;
				CLANG_WARN_ENUM_CONVERSION = YES;
				CLANG_WARN_INFINITE_RECURSION = YES;
				CLANG_WARN_INT_CONVERSION = YES;
				CLANG_WARN_NON_LITERAL_NULL_CONVERSION = YES;
				CLANG_WARN_OBJC_IMPLICIT_RETAIN_SELF = YES;
				CLANG_WARN_OBJC_LITERAL_CONVERSION = YES;
				CLANG_WARN_OBJC_ROOT_CLASS = YES_ERROR;
				CLANG_WARN_QUOTED_INCLUDE_IN_FRAMEWORK_HEADER = YES;
				CLANG_WARN_RANGE_LOOP_ANALYSIS = YES;
				CLANG_WARN_STRICT_PROTOTYPES = YES;
				CLANG_WARN_SUSPICIOUS_MOVE = YES;
				CLANG_WARN_UNGUARDED_AVAILABILITY = YES_AGGRESSIVE;
				CLANG_WARN_UNREACHABLE_CODE = YES;
				CLANG_WARN__DUPLICATE_METHOD_MATCH = YES;
				COPY_PHASE_STRIP = NO;
				DEBUG_INFORMATION_FORMAT = dwarf;
				ENABLE_STRICT_OBJC_MSGSEND = YES;
				ENABLE_TESTABILITY = YES;
				GCC_C_LANGUAGE_STANDARD = gnu11;
				GCC_DYNAMIC_NO_PIC = NO;
				GCC_NO_COMMON_BLOCKS = YES;
				GCC_OPTIMIZATION_LEVEL = 0;
				GCC_PREPROCESSOR_DEFINITIONS = (
					"DEBUG=1",
					"$(inherited)",
				);
				GCC_WARN_64_TO_32_BIT_CONVERSION = YES;
				GCC_WARN_ABOUT_RETURN_TYPE = YES_ERROR;
				GCC_WARN_UNDECLARED_SELECTOR = YES;
				GCC_WARN_UNINITIALIZED_AUTOS = YES_AGGRESSIVE;
				GCC_WARN_UNUSED_FUNCTION = YES;
				GCC_WARN_UNUSED_VARIABLE = YES;
				IPHONEOS_DEPLOYMENT_TARGET = 15.0;
				MTL_ENABLE_DEBUG_INFO = INCLUDE_SOURCE;
				MTL_FAST_MATH = YES;
				ONLY_ACTIVE_ARCH = YES;
				SDKROOT = iphoneos;
				SWIFT_ACTIVE_COMPILATION_CONDITIONS = DEBUG;
				SWIFT_OPTIMIZATION_LEVEL = "-Onone";
			};
			name = Debug;
		};
		816B0DA82763377900C2D139 /* Release */ = {
			isa = XCBuildConfiguration;
			buildSettings = {
				ALWAYS_SEARCH_USER_PATHS = NO;
				CLANG_ANALYZER_NONNULL = YES;
				CLANG_ANALYZER_NUMBER_OBJECT_CONVERSION = YES_AGGRESSIVE;
				CLANG_CXX_LANGUAGE_STANDARD = "gnu++17";
				CLANG_CXX_LIBRARY = "libc++";
				CLANG_ENABLE_MODULES = YES;
				CLANG_ENABLE_OBJC_ARC = YES;
				CLANG_ENABLE_OBJC_WEAK = YES;
				CLANG_WARN_BLOCK_CAPTURE_AUTORELEASING = YES;
				CLANG_WARN_BOOL_CONVERSION = YES;
				CLANG_WARN_COMMA = YES;
				CLANG_WARN_CONSTANT_CONVERSION = YES;
				CLANG_WARN_DEPRECATED_OBJC_IMPLEMENTATIONS = YES;
				CLANG_WARN_DIRECT_OBJC_ISA_USAGE = YES_ERROR;
				CLANG_WARN_DOCUMENTATION_COMMENTS = YES;
				CLANG_WARN_EMPTY_BODY = YES;
				CLANG_WARN_ENUM_CONVERSION = YES;
				CLANG_WARN_INFINITE_RECURSION = YES;
				CLANG_WARN_INT_CONVERSION = YES;
				CLANG_WARN_NON_LITERAL_NULL_CONVERSION = YES;
				CLANG_WARN_OBJC_IMPLICIT_RETAIN_SELF = YES;
				CLANG_WARN_OBJC_LITERAL_CONVERSION = YES;
				CLANG_WARN_OBJC_ROOT_CLASS = YES_ERROR;
				CLANG_WARN_QUOTED_INCLUDE_IN_FRAMEWORK_HEADER = YES;
				CLANG_WARN_RANGE_LOOP_ANALYSIS = YES;
				CLANG_WARN_STRICT_PROTOTYPES = YES;
				CLANG_WARN_SUSPICIOUS_MOVE = YES;
				CLANG_WARN_UNGUARDED_AVAILABILITY = YES_AGGRESSIVE;
				CLANG_WARN_UNREACHABLE_CODE = YES;
				CLANG_WARN__DUPLICATE_METHOD_MATCH = YES;
				COPY_PHASE_STRIP = NO;
				DEBUG_INFORMATION_FORMAT = "dwarf-with-dsym";
				ENABLE_NS_ASSERTIONS = NO;
				ENABLE_STRICT_OBJC_MSGSEND = YES;
				GCC_C_LANGUAGE_STANDARD = gnu11;
				GCC_NO_COMMON_BLOCKS = YES;
				GCC_WARN_64_TO_32_BIT_CONVERSION = YES;
				GCC_WARN_ABOUT_RETURN_TYPE = YES_ERROR;
				GCC_WARN_UNDECLARED_SELECTOR = YES;
				GCC_WARN_UNINITIALIZED_AUTOS = YES_AGGRESSIVE;
				GCC_WARN_UNUSED_FUNCTION = YES;
				GCC_WARN_UNUSED_VARIABLE = YES;
				IPHONEOS_DEPLOYMENT_TARGET = 15.0;
				MTL_ENABLE_DEBUG_INFO = NO;
				MTL_FAST_MATH = YES;
				SDKROOT = iphoneos;
				SWIFT_COMPILATION_MODE = wholemodule;
				SWIFT_OPTIMIZATION_LEVEL = "-O";
				VALIDATE_PRODUCT = YES;
			};
			name = Release;
		};
		816B0DAA2763377900C2D139 /* Debug */ = {
			isa = XCBuildConfiguration;
			buildSettings = {
				ASSETCATALOG_COMPILER_APPICON_NAME = AppIcon;
				ASSETCATALOG_COMPILER_GLOBAL_ACCENT_COLOR_NAME = AccentColor;
				CODE_SIGN_STYLE = Automatic;
				CURRENT_PROJECT_VERSION = 1;
				DEVELOPMENT_ASSET_PATHS = "\"Landmark/Preview Content\"";
				DEVELOPMENT_TEAM = C8U9W9C342;
				ENABLE_PREVIEWS = YES;
				GENERATE_INFOPLIST_FILE = YES;
				INFOPLIST_KEY_UIApplicationSceneManifest_Generation = YES;
				INFOPLIST_KEY_UIApplicationSupportsIndirectInputEvents = YES;
				INFOPLIST_KEY_UILaunchScreen_Generation = YES;
				INFOPLIST_KEY_UISupportedInterfaceOrientations_iPad = "UIInterfaceOrientationPortrait UIInterfaceOrientationPortraitUpsideDown UIInterfaceOrientationLandscapeLeft UIInterfaceOrientationLandscapeRight";
				INFOPLIST_KEY_UISupportedInterfaceOrientations_iPhone = "UIInterfaceOrientationPortrait UIInterfaceOrientationLandscapeLeft UIInterfaceOrientationLandscapeRight";
				LD_RUNPATH_SEARCH_PATHS = (
					"$(inherited)",
					"@executable_path/Frameworks",
				);
				MARKETING_VERSION = 1.0;
				PRODUCT_BUNDLE_IDENTIFIER = "earth660-gmail.com.Landmark";
				PRODUCT_NAME = "$(TARGET_NAME)";
				SWIFT_EMIT_LOC_STRINGS = YES;
				SWIFT_VERSION = 5.0;
				TARGETED_DEVICE_FAMILY = "1,2";
			};
			name = Debug;
		};
		816B0DAB2763377900C2D139 /* Release */ = {
			isa = XCBuildConfiguration;
			buildSettings = {
				ASSETCATALOG_COMPILER_APPICON_NAME = AppIcon;
				ASSETCATALOG_COMPILER_GLOBAL_ACCENT_COLOR_NAME = AccentColor;
				CODE_SIGN_STYLE = Automatic;
				CURRENT_PROJECT_VERSION = 1;
				DEVELOPMENT_ASSET_PATHS = "\"Landmark/Preview Content\"";
				DEVELOPMENT_TEAM = C8U9W9C342;
				ENABLE_PREVIEWS = YES;
				GENERATE_INFOPLIST_FILE = YES;
				INFOPLIST_KEY_UIApplicationSceneManifest_Generation = YES;
				INFOPLIST_KEY_UIApplicationSupportsIndirectInputEvents = YES;
				INFOPLIST_KEY_UILaunchScreen_Generation = YES;
				INFOPLIST_KEY_UISupportedInterfaceOrientations_iPad = "UIInterfaceOrientationPortrait UIInterfaceOrientationPortraitUpsideDown UIInterfaceOrientationLandscapeLeft UIInterfaceOrientationLandscapeRight";
				INFOPLIST_KEY_UISupportedInterfaceOrientations_iPhone = "UIInterfaceOrientationPortrait UIInterfaceOrientationLandscapeLeft UIInterfaceOrientationLandscapeRight";
				LD_RUNPATH_SEARCH_PATHS = (
					"$(inherited)",
					"@executable_path/Frameworks",
				);
				MARKETING_VERSION = 1.0;
				PRODUCT_BUNDLE_IDENTIFIER = "earth660-gmail.com.Landmark";
				PRODUCT_NAME = "$(TARGET_NAME)";
				SWIFT_EMIT_LOC_STRINGS = YES;
				SWIFT_VERSION = 5.0;
				TARGETED_DEVICE_FAMILY = "1,2";
			};
			name = Release;
		};
/* End XCBuildConfiguration section */

/* Begin XCConfigurationList section */
		816B0D962763377600C2D139 /* Build configuration list for PBXProject "Landmark" */ = {
			isa = XCConfigurationList;
			buildConfigurations = (
				816B0DA72763377900C2D139 /* Debug */,
				816B0DA82763377900C2D139 /* Release */,
			);
			defaultConfigurationIsVisible = 0;
			defaultConfigurationName = Release;
		};
		816B0DA92763377900C2D139 /* Build configuration list for PBXNativeTarget "Landmark" */ = {
			isa = XCConfigurationList;
			buildConfigurations = (
				816B0DAA2763377900C2D139 /* Debug */,
				816B0DAB2763377900C2D139 /* Release */,
			);
			defaultConfigurationIsVisible = 0;
			defaultConfigurationName = Release;
		};
/* End XCConfigurationList section */
	};
	rootObject = 816B0D932763377600C2D139 /* Project object */;
}
